
Microsoft Visual Studio Solution File, Format Version 12.00
# Visual Studio Version 17
VisualStudioVersion = 17.11.35327.3
MinimumVisualStudioVersion = 10.0.40219.1
Project("{FAE04EC0-301F-11D3-BF4B-00C04F79EFBC}") = "TravelTripProje", "TravelTripProje\TravelTripProje.csproj", "{FB6F75F9-5402-43DC-BA7F-720D4A52C9D2}"
EndProject
Global
	GlobalSection(SolutionConfigurationPlatforms) = preSolution
		Debug|Any CPU = Debug|Any CPU
		Release|Any CPU = Release|Any CPU
	EndGlobalSection
	GlobalSection(ProjectConfigurationPlatforms) = postSolution
		{FB6F75F9-5402-43DC-BA7F-720D4A52C9D2}.Debug|Any CPU.ActiveCfg = Debug|Any CPU
		{FB6F75F9-5402-43DC-BA7F-720D4A52C9D2}.Debug|Any CPU.Build.0 = Debug|Any CPU
		{FB6F75F9-5402-43DC-BA7F-720D4A52C9D2}.Release|Any CPU.ActiveCfg = Release|Any CPU
		{FB6F75F9-5402-43DC-BA7F-720D4A52C9D2}.Release|Any CPU.Build.0 = Release|Any CPU
	EndGlobalSection
	GlobalSection(SolutionProperties) = preSolution
		HideSolutionNode = FALSE
	EndGlobalSection
	GlobalSection(ExtensibilityGlobals) = postSolution
		SolutionGuid = {E68065D4-C907-4E86-BA57-F16B7898B831}
	EndGlobalSection
EndGlobal
